
Microsoft Visual Studio Solution File, Format Version 12.00
# Visual Studio Version 17
VisualStudioVersion = 17.4.33103.184
MinimumVisualStudioVersion = 10.0.40219.1
Project("{FAE04EC0-301F-11D3-BF4B-00C04F79EFBC}") = "AppRadix_Sort", "AppRadix_Sort\AppRadix_Sort.csproj", "{EE6EDFD6-D11D-45F7-BD47-72B55D37075A}"
EndProject
Global
	GlobalSection(SolutionConfigurationPlatforms) = preSolution
		Debug|Any CPU = Debug|Any CPU
		Release|Any CPU = Release|Any CPU
	EndGlobalSection
	GlobalSection(ProjectConfigurationPlatforms) = postSolution
		{EE6EDFD6-D11D-45F7-BD47-72B55D37075A}.Debug|Any CPU.ActiveCfg = Debug|Any CPU
		{EE6EDFD6-D11D-45F7-BD47-72B55D37075A}.Debug|Any CPU.Build.0 = Debug|Any CPU
		{EE6EDFD6-D11D-45F7-BD47-72B55D37075A}.Release|Any CPU.ActiveCfg = Release|Any CPU
		{EE6EDFD6-D11D-45F7-BD47-72B55D37075A}.Release|Any CPU.Build.0 = Release|Any CPU
	EndGlobalSection
	GlobalSection(SolutionProperties) = preSolution
		HideSolutionNode = FALSE
	EndGlobalSection
	GlobalSection(ExtensibilityGlobals) = postSolution
		SolutionGuid = {4C79A812-21F1-4ABD-A555-8D9E86FAC935}
	EndGlobalSection
EndGlobal
